
Microsoft Visual Studio Solution File, Format Version 12.00
# Visual Studio Version 16
VisualStudioVersion = 16.0.30503.244
MinimumVisualStudioVersion = 10.0.40219.1
Project("{888888A0-9F3D-457C-B088-3A5042F75D52}") = "desktop", "desktop\desktop.pyproj", "{697FA4D9-3865-4EF1-BCD4-0681DC318F46}"
EndProject
Global
	GlobalSection(SolutionConfigurationPlatforms) = preSolution
		Debug|Any CPU = Debug|Any CPU
		Release|Any CPU = Release|Any CPU
	EndGlobalSection
	GlobalSection(ProjectConfigurationPlatforms) = postSolution
		{697FA4D9-3865-4EF1-BCD4-0681DC318F46}.Debug|Any CPU.ActiveCfg = Debug|Any CPU
		{697FA4D9-3865-4EF1-BCD4-0681DC318F46}.Release|Any CPU.ActiveCfg = Release|Any CPU
	EndGlobalSection
	GlobalSection(SolutionProperties) = preSolution
		HideSolutionNode = FALSE
	EndGlobalSection
	GlobalSection(ExtensibilityGlobals) = postSolution
		SolutionGuid = {12B41A2D-B1C1-42FE-BB52-71E558468258}
	EndGlobalSection
EndGlobal
